{
  "name": "use-actions-netlify",
  "version": "1.0.0",
  "lockfileVersion": 1,
  "requires": true,
  "dependencies": {
    "core-js": {
      "version": "3.25.1",
      "resolved": "https://registry.npmjs.org/core-js/-/core-js-3.25.1.tgz",
      "integrity": "sha512-sr0FY4lnO1hkQ4gLDr24K0DGnweGO1QwSj5BpfQjpSJPdqWalja4cTps29Y/PJVG/P7FYlPDkH3hO+Tr0CvDgQ=="
    }
  }
}
