{
  "name": "use-actions-netlify",
  "version": "1.0.0",
  "lockfileVersion": 1,
  "requires": true,
  "dependencies": {
    "core-js": {
      "version": "3.23.4",
      "resolved": "https://registry.npmjs.org/core-js/-/core-js-3.23.4.tgz",
      "integrity": "sha512-vjsKqRc1RyAJC3Ye2kYqgfdThb3zYnx9CrqoCcjMOENMtQPC7ZViBvlDxwYU/2z2NI/IPuiXw5mT4hWhddqjzQ=="
    }
  }
}
